
Microsoft Visual Studio Solution File, Format Version 12.00
# Visual Studio Version 17
VisualStudioVersion = 17.11.35303.130
MinimumVisualStudioVersion = 10.0.40219.1
Project("{FAE04EC0-301F-11D3-BF4B-00C04F79EFBC}") = "ATM", "ATM\ATM.csproj", "{3E8696BD-B237-4E1B-AA17-FF5D25831433}"
EndProject
Global
	GlobalSection(SolutionConfigurationPlatforms) = preSolution
		Debug|Any CPU = Debug|Any CPU
		Release|Any CPU = Release|Any CPU
	EndGlobalSection
	GlobalSection(ProjectConfigurationPlatforms) = postSolution
		{3E8696BD-B237-4E1B-AA17-FF5D25831433}.Debug|Any CPU.ActiveCfg = Debug|Any CPU
		{3E8696BD-B237-4E1B-AA17-FF5D25831433}.Debug|Any CPU.Build.0 = Debug|Any CPU
		{3E8696BD-B237-4E1B-AA17-FF5D25831433}.Release|Any CPU.ActiveCfg = Release|Any CPU
		{3E8696BD-B237-4E1B-AA17-FF5D25831433}.Release|Any CPU.Build.0 = Release|Any CPU
	EndGlobalSection
	GlobalSection(SolutionProperties) = preSolution
		HideSolutionNode = FALSE
	EndGlobalSection
	GlobalSection(ExtensibilityGlobals) = postSolution
		SolutionGuid = {981671E0-9F92-4A58-836B-2D56C1E1235F}
	EndGlobalSection
EndGlobal
